
Microsoft Visual Studio Solution File, Format Version 12.00
# Visual Studio Version 17
VisualStudioVersion = 17.6.33815.320
MinimumVisualStudioVersion = 10.0.40219.1
Project("{FAE04EC0-301F-11D3-BF4B-00C04F79EFBC}") = "ScriptureMemorizer", "ScriptureMemorizer\ScriptureMemorizer.csproj", "{DB5868E5-CB56-4C57-89B8-5538E2D01B6F}"
EndProject
Global
	GlobalSection(SolutionConfigurationPlatforms) = preSolution
		Debug|Any CPU = Debug|Any CPU
		Release|Any CPU = Release|Any CPU
	EndGlobalSection
	GlobalSection(ProjectConfigurationPlatforms) = postSolution
		{DB5868E5-CB56-4C57-89B8-5538E2D01B6F}.Debug|Any CPU.ActiveCfg = Debug|Any CPU
		{DB5868E5-CB56-4C57-89B8-5538E2D01B6F}.Debug|Any CPU.Build.0 = Debug|Any CPU
		{DB5868E5-CB56-4C57-89B8-5538E2D01B6F}.Release|Any CPU.ActiveCfg = Release|Any CPU
		{DB5868E5-CB56-4C57-89B8-5538E2D01B6F}.Release|Any CPU.Build.0 = Release|Any CPU
	EndGlobalSection
	GlobalSection(SolutionProperties) = preSolution
		HideSolutionNode = FALSE
	EndGlobalSection
	GlobalSection(ExtensibilityGlobals) = postSolution
		SolutionGuid = {C50E89BF-70AB-46C1-8D3E-36D5B23BD4DE}
	EndGlobalSection
EndGlobal
